Microsoft Visual Studio Solution File, Format Version 11.00
# Visual Studio 2008

Project("{8E7258A6-C581-C810-DA8A-184152AF80F1}") = "Fire particle project", "Assembly-CSharp-firstpass-vs.csproj", "{BA99D7C5-A1C6-C725-CB3A-F0B71845B146}"
EndProject
Project("{8E7258A6-C581-C810-DA8A-184152AF80F1}") = "Fire particle project", "Assembly-CSharp-vs.csproj", "{4E191CAE-CDC4-9E16-6D83-018EEE25A8A2}"
EndProject
Project("{8E7258A6-C581-C810-DA8A-184152AF80F1}") = "Fire particle project", "Assembly-CSharp-Editor-vs.csproj", "{91B24294-22D2-5DAD-B995-B8FE3657B383}"
EndProject
Global
	GlobalSection(SolutionConfigurationPlatforms) = preSolution
		Debug|Any CPU = Debug|Any CPU
		Release|Any CPU = Release|Any CPU
	EndGlobalSection
	GlobalSection(ProjectConfigurationPlatforms) = postSolution
		{BA99D7C5-A1C6-C725-CB3A-F0B71845B146}.Debug|Any CPU.ActiveCfg = Debug|Any CPU
		{BA99D7C5-A1C6-C725-CB3A-F0B71845B146}.Debug|Any CPU.Build.0 = Debug|Any CPU
		{BA99D7C5-A1C6-C725-CB3A-F0B71845B146}.Release|Any CPU.ActiveCfg = Release|Any CPU
		{BA99D7C5-A1C6-C725-CB3A-F0B71845B146}.Release|Any CPU.Build.0 = Release|Any CPU
		{4E191CAE-CDC4-9E16-6D83-018EEE25A8A2}.Debug|Any CPU.ActiveCfg = Debug|Any CPU
		{4E191CAE-CDC4-9E16-6D83-018EEE25A8A2}.Debug|Any CPU.Build.0 = Debug|Any CPU
		{4E191CAE-CDC4-9E16-6D83-018EEE25A8A2}.Release|Any CPU.ActiveCfg = Release|Any CPU
		{4E191CAE-CDC4-9E16-6D83-018EEE25A8A2}.Release|Any CPU.Build.0 = Release|Any CPU
		{91B24294-22D2-5DAD-B995-B8FE3657B383}.Debug|Any CPU.ActiveCfg = Debug|Any CPU
		{91B24294-22D2-5DAD-B995-B8FE3657B383}.Debug|Any CPU.Build.0 = Debug|Any CPU
		{91B24294-22D2-5DAD-B995-B8FE3657B383}.Release|Any CPU.ActiveCfg = Release|Any CPU
		{91B24294-22D2-5DAD-B995-B8FE3657B383}.Release|Any CPU.Build.0 = Release|Any CPU
	EndGlobalSection
	GlobalSection(SolutionProperties) = preSolution
		HideSolutionNode = FALSE
	EndGlobalSection
																																									GlobalSection(MonoDevelopProperties) = preSolution
		StartupItem = Assembly-CSharp.csproj
		Policies = $0
		$0.TextStylePolicy = $1
		$1.inheritsSet = null
		$1.scope = text/x-csharp
		$0.CSharpFormattingPolicy = $2
		$2.inheritsSet = Mono
		$2.inheritsScope = text/x-csharp
		$2.scope = text/x-csharp
		$0.TextStylePolicy = $3
		$3.FileWidth = 120
		$3.TabWidth = 4
		$3.EolMarker = Unix
		$3.inheritsSet = Mono
		$3.inheritsScope = text/plain
		$3.scope = text/plain
	EndGlobalSection

EndGlobal
